
Microsoft Visual Studio Solution File, Format Version 12.00
# Visual Studio Version 17
VisualStudioVersion = 17.8.34408.163
MinimumVisualStudioVersion = 10.0.40219.1
Project("{FAE04EC0-301F-11D3-BF4B-00C04F79EFBC}") = "NR_Lab_1", "NR_Lab_1\NR_Lab_1.csproj", "{2F537FF5-7DB9-4B59-B152-1A2BFCCDFB8C}"
EndProject
Global
	GlobalSection(SolutionConfigurationPlatforms) = preSolution
		Debug|Any CPU = Debug|Any CPU
		Release|Any CPU = Release|Any CPU
	EndGlobalSection
	GlobalSection(ProjectConfigurationPlatforms) = postSolution
		{2F537FF5-7DB9-4B59-B152-1A2BFCCDFB8C}.Debug|Any CPU.ActiveCfg = Debug|Any CPU
		{2F537FF5-7DB9-4B59-B152-1A2BFCCDFB8C}.Debug|Any CPU.Build.0 = Debug|Any CPU
		{2F537FF5-7DB9-4B59-B152-1A2BFCCDFB8C}.Release|Any CPU.ActiveCfg = Release|Any CPU
		{2F537FF5-7DB9-4B59-B152-1A2BFCCDFB8C}.Release|Any CPU.Build.0 = Release|Any CPU
	EndGlobalSection
	GlobalSection(SolutionProperties) = preSolution
		HideSolutionNode = FALSE
	EndGlobalSection
	GlobalSection(ExtensibilityGlobals) = postSolution
		SolutionGuid = {DE5107A4-774E-47E5-A8F1-3F17895D9953}
	EndGlobalSection
EndGlobal
